
Microsoft Visual Studio Solution File, Format Version 12.00
# Visual Studio Version 17
VisualStudioVersion = 17.14.37111.16 d17.14
MinimumVisualStudioVersion = 10.0.40219.1
Project("{FAE04EC0-301F-11D3-BF4B-00C04F79EFBC}") = "OopPrensipleri2", "OopPrensipleri2\OopPrensipleri2.csproj", "{CF91F6DC-C882-4F2B-9D78-98D934D9220A}"
EndProject
Global
	GlobalSection(SolutionConfigurationPlatforms) = preSolution
		Debug|Any CPU = Debug|Any CPU
		Release|Any CPU = Release|Any CPU
	EndGlobalSection
	GlobalSection(ProjectConfigurationPlatforms) = postSolution
		{CF91F6DC-C882-4F2B-9D78-98D934D9220A}.Debug|Any CPU.ActiveCfg = Debug|Any CPU
		{CF91F6DC-C882-4F2B-9D78-98D934D9220A}.Debug|Any CPU.Build.0 = Debug|Any CPU
		{CF91F6DC-C882-4F2B-9D78-98D934D9220A}.Release|Any CPU.ActiveCfg = Release|Any CPU
		{CF91F6DC-C882-4F2B-9D78-98D934D9220A}.Release|Any CPU.Build.0 = Release|Any CPU
	EndGlobalSection
	GlobalSection(SolutionProperties) = preSolution
		HideSolutionNode = FALSE
	EndGlobalSection
	GlobalSection(ExtensibilityGlobals) = postSolution
		SolutionGuid = {C9635BC0-869C-4B48-825F-704421781AB0}
	EndGlobalSection
EndGlobal
